
Microsoft Visual Studio Solution File, Format Version 12.00
# Visual Studio Version 16
VisualStudioVersion = 16.0.31727.386
MinimumVisualStudioVersion = 10.0.40219.1
Project("{FAE04EC0-301F-11D3-BF4B-00C04F79EFBC}") = "CleanArchMvc.Domain", "CleanArchMvc.Domain\CleanArchMvc.Domain.csproj", "{CFCEA730-F8DF-4EC9-8353-BAF72D4CF9CF}"
EndProject
Project("{FAE04EC0-301F-11D3-BF4B-00C04F79EFBC}") = "CleanArchMvc.Application", "CleanArchMvc.Application\CleanArchMvc.Application.csproj", "{FBC8D502-BCDD-497E-AC5C-86E29317609B}"
EndProject
Project("{FAE04EC0-301F-11D3-BF4B-00C04F79EFBC}") = "CleanArchMvc.Infra.Data", "CleanArchMvc.Infra.Data\CleanArchMvc.Infra.Data.csproj", "{C320FF36-8154-41D7-83FB-BB849D12B801}"
EndProject
Project("{FAE04EC0-301F-11D3-BF4B-00C04F79EFBC}") = "CleanArchMvc.Infra.IoC", "CleanArchMvc.Infra.IoC\CleanArchMvc.Infra.IoC.csproj", "{6C42B29C-01F4-4CEA-A05E-BE0F60B26808}"
EndProject
Project("{FAE04EC0-301F-11D3-BF4B-00C04F79EFBC}") = "CleanArchMvc.WebUI", "CleanArchMvc.WebUI\CleanArchMvc.WebUI.csproj", "{5812E040-B24F-441B-8F01-0FCA81CADD35}"
EndProject
Project("{FAE04EC0-301F-11D3-BF4B-00C04F79EFBC}") = "CleanArchMvc.Domain.Tests", "CleanArchMvc.Domain.Tests\CleanArchMvc.Domain.Tests.csproj", "{B08CEA7F-C621-44C9-9CE9-63CD34FDED9B}"
EndProject
Global
	GlobalSection(SolutionConfigurationPlatforms) = preSolution
		Debug|Any CPU = Debug|Any CPU
		Release|Any CPU = Release|Any CPU
	EndGlobalSection
	GlobalSection(ProjectConfigurationPlatforms) = postSolution
		{CFCEA730-F8DF-4EC9-8353-BAF72D4CF9CF}.Debug|Any CPU.ActiveCfg = Debug|Any CPU
		{CFCEA730-F8DF-4EC9-8353-BAF72D4CF9CF}.Debug|Any CPU.Build.0 = Debug|Any CPU
		{CFCEA730-F8DF-4EC9-8353-BAF72D4CF9CF}.Release|Any CPU.ActiveCfg = Release|Any CPU
		{CFCEA730-F8DF-4EC9-8353-BAF72D4CF9CF}.Release|Any CPU.Build.0 = Release|Any CPU
		{FBC8D502-BCDD-497E-AC5C-86E29317609B}.Debug|Any CPU.ActiveCfg = Debug|Any CPU
		{FBC8D502-BCDD-497E-AC5C-86E29317609B}.Debug|Any CPU.Build.0 = Debug|Any CPU
		{FBC8D502-BCDD-497E-AC5C-86E29317609B}.Release|Any CPU.ActiveCfg = Release|Any CPU
		{FBC8D502-BCDD-497E-AC5C-86E29317609B}.Release|Any CPU.Build.0 = Release|Any CPU
		{C320FF36-8154-41D7-83FB-BB849D12B801}.Debug|Any CPU.ActiveCfg = Debug|Any CPU
		{C320FF36-8154-41D7-83FB-BB849D12B801}.Debug|Any CPU.Build.0 = Debug|Any CPU
		{C320FF36-8154-41D7-83FB-BB849D12B801}.Release|Any CPU.ActiveCfg = Release|Any CPU
		{C320FF36-8154-41D7-83FB-BB849D12B801}.Release|Any CPU.Build.0 = Release|Any CPU
		{6C42B29C-01F4-4CEA-A05E-BE0F60B26808}.Debug|Any CPU.ActiveCfg = Debug|Any CPU
		{6C42B29C-01F4-4CEA-A05E-BE0F60B26808}.Debug|Any CPU.Build.0 = Debug|Any CPU
		{6C42B29C-01F4-4CEA-A05E-BE0F60B26808}.Release|Any CPU.ActiveCfg = Release|Any CPU
		{6C42B29C-01F4-4CEA-A05E-BE0F60B26808}.Release|Any CPU.Build.0 = Release|Any CPU
		{5812E040-B24F-441B-8F01-0FCA81CADD35}.Debug|Any CPU.ActiveCfg = Debug|Any CPU
		{5812E040-B24F-441B-8F01-0FCA81CADD35}.Debug|Any CPU.Build.0 = Debug|Any CPU
		{5812E040-B24F-441B-8F01-0FCA81CADD35}.Release|Any CPU.ActiveCfg = Release|Any CPU
		{5812E040-B24F-441B-8F01-0FCA81CADD35}.Release|Any CPU.Build.0 = Release|Any CPU
		{B08CEA7F-C621-44C9-9CE9-63CD34FDED9B}.Debug|Any CPU.ActiveCfg = Debug|Any CPU
		{B08CEA7F-C621-44C9-9CE9-63CD34FDED9B}.Debug|Any CPU.Build.0 = Debug|Any CPU
		{B08CEA7F-C621-44C9-9CE9-63CD34FDED9B}.Release|Any CPU.ActiveCfg = Release|Any CPU
		{B08CEA7F-C621-44C9-9CE9-63CD34FDED9B}.Release|Any CPU.Build.0 = Release|Any CPU
	EndGlobalSection
	GlobalSection(SolutionProperties) = preSolution
		HideSolutionNode = FALSE
	EndGlobalSection
	GlobalSection(ExtensibilityGlobals) = postSolution
		SolutionGuid = {36673632-D277-4067-8D11-869787995962}
	EndGlobalSection
EndGlobal
